# @generated by Move, please check-in and do not edit manually.

[move]
version = 3
manifest_digest = "4FA1247E21873DAC6A72BBE5846CB30475ADAF5F41861642F40775DA6432464C"
deps_digest = "F8BBB0CCB2491CA29A3DF03D6F92277A4F3574266507ACD77214D37ECA3F3082"
dependencies = [
  { id = "Sui", name = "Sui" },
]

[[move.package]]
id = "MoveStdlib"
source = { git = "https://github.com/MystenLabs/sui.git", rev = "main", subdir = "crates/sui-framework/packages/move-stdlib" }

[[move.package]]
id = "Sui"
source = { git = "https://github.com/MystenLabs/sui.git", rev = "main", subdir = "crates/sui-framework/packages/sui-framework" }

dependencies = [
  { id = "MoveStdlib", name = "MoveStdlib" },
]

[move.toolchain-version]
compiler-version = "1.48.1"
edition = "2024.beta"
flavor = "sui"

[env]

[env.devnet]
chain-id = "4a06526c"
original-published-id = "0xe88d5fdbd17096e929c7177a867ccedd855510ea3153f308d2206c707e79b201"
latest-published-id = "0xe88d5fdbd17096e929c7177a867ccedd855510ea3153f308d2206c707e79b201"
published-version = "1"
